
Microsoft Visual Studio Solution File, Format Version 12.00
# Visual Studio 15
VisualStudioVersion = 15.0.28010.2003
MinimumVisualStudioVersion = 10.0.40219.1
Project("{FAE04EC0-301F-11D3-BF4B-00C04F79EFBC}") = "Ado.Net.EF", "Ado.Net.EF\Ado.Net.EF.csproj", "{54693509-8BFA-4E55-A24B-CB92F6DFB84D}"
EndProject
Project("{FAE04EC0-301F-11D3-BF4B-00C04F79EFBC}") = "Ado.Net.EF.Tests", "Ado.Net.EF.Tests\Ado.Net.EF.Tests.csproj", "{52A6A145-7A07-49C4-9DE6-FE4233FD1A13}"
EndProject
Global
	GlobalSection(SolutionConfigurationPlatforms) = preSolution
		Debug|Any CPU = Debug|Any CPU
		Release|Any CPU = Release|Any CPU
	EndGlobalSection
	GlobalSection(ProjectConfigurationPlatforms) = postSolution
		{54693509-8BFA-4E55-A24B-CB92F6DFB84D}.Debug|Any CPU.ActiveCfg = Debug|Any CPU
		{54693509-8BFA-4E55-A24B-CB92F6DFB84D}.Debug|Any CPU.Build.0 = Debug|Any CPU
		{54693509-8BFA-4E55-A24B-CB92F6DFB84D}.Release|Any CPU.ActiveCfg = Release|Any CPU
		{54693509-8BFA-4E55-A24B-CB92F6DFB84D}.Release|Any CPU.Build.0 = Release|Any CPU
		{52A6A145-7A07-49C4-9DE6-FE4233FD1A13}.Debug|Any CPU.ActiveCfg = Debug|Any CPU
		{52A6A145-7A07-49C4-9DE6-FE4233FD1A13}.Debug|Any CPU.Build.0 = Debug|Any CPU
		{52A6A145-7A07-49C4-9DE6-FE4233FD1A13}.Release|Any CPU.ActiveCfg = Release|Any CPU
		{52A6A145-7A07-49C4-9DE6-FE4233FD1A13}.Release|Any CPU.Build.0 = Release|Any CPU
	EndGlobalSection
	GlobalSection(SolutionProperties) = preSolution
		HideSolutionNode = FALSE
	EndGlobalSection
	GlobalSection(ExtensibilityGlobals) = postSolution
		SolutionGuid = {A86A2B8D-6A8D-417C-882C-A358CB29340E}
	EndGlobalSection
EndGlobal
